
Microsoft Visual Studio Solution File, Format Version 11.00
# Visual Studio 2010
Project("{F184B08F-C81C-45F6-A57F-5ABD9991F28F}") = "TI 2E-1441180136", "TI 2E-1441180136\TI 2E-1441180136.vbproj", "{06F190BE-0EEA-462A-A035-05E184BDBFE3}"
EndProject
Global
	GlobalSection(SolutionConfigurationPlatforms) = preSolution
		Debug|x86 = Debug|x86
		Release|x86 = Release|x86
	EndGlobalSection
	GlobalSection(ProjectConfigurationPlatforms) = postSolution
		{06F190BE-0EEA-462A-A035-05E184BDBFE3}.Debug|x86.ActiveCfg = Debug|x86
		{06F190BE-0EEA-462A-A035-05E184BDBFE3}.Debug|x86.Build.0 = Debug|x86
		{06F190BE-0EEA-462A-A035-05E184BDBFE3}.Release|x86.ActiveCfg = Release|x86
		{06F190BE-0EEA-462A-A035-05E184BDBFE3}.Release|x86.Build.0 = Release|x86
	EndGlobalSection
	GlobalSection(SolutionProperties) = preSolution
		HideSolutionNode = FALSE
	EndGlobalSection
EndGlobal
